# This file is automatically @generated by Cargo.
# It is not intended for manual editing.
[[package]]
name = "cfg-if"
version = "0.1.10"
source = "registry+https://github.com/rust-lang/crates.io-index"

[[package]]
name = "im"
version = "13.0.0"
source = "registry+https://github.com/rust-lang/crates.io-index"
dependencies = [
 "rustc_version 0.2.3 (registry+https://github.com/rust-lang/crates.io-index)",
 "sized-chunks 0.3.1 (registry+https://github.com/rust-lang/crates.io-index)",
 "typenum 1.11.2 (registry+https://github.com/rust-lang/crates.io-index)",
]

[[package]]
name = "linked-hash-map"
version = "0.5.2"
source = "registry+https://github.com/rust-lang/crates.io-index"

[[package]]
name = "log"
version = "0.4.8"
source = "registry+https://github.com/rust-lang/crates.io-index"
dependencies = [
 "cfg-if 0.1.10 (registry+https://github.com/rust-lang/crates.io-index)",
]

[[package]]
name = "pathdiff"
version = "0.1.0"
source = "registry+https://github.com/rust-lang/crates.io-index"

[[package]]
name = "rustc_version"
version = "0.2.3"
source = "registry+https://github.com/rust-lang/crates.io-index"
dependencies = [
 "semver 0.9.0 (registry+https://github.com/rust-lang/crates.io-index)",
]

[[package]]
name = "same-file"
version = "1.0.5"
source = "registry+https://github.com/rust-lang/crates.io-index"
dependencies = [
 "winapi-util 0.1.2 (registry+https://github.com/rust-lang/crates.io-index)",
]

[[package]]
name = "semver"
version = "0.9.0"
source = "registry+https://github.com/rust-lang/crates.io-index"
dependencies = [
 "semver-parser 0.7.0 (registry+https://github.com/rust-lang/crates.io-index)",
]

[[package]]
name = "semver-parser"
version = "0.7.0"
source = "registry+https://github.com/rust-lang/crates.io-index"

[[package]]
name = "shtola"
version = "0.1.0"
dependencies = [
 "im 13.0.0 (registry+https://github.com/rust-lang/crates.io-index)",
 "log 0.4.8 (registry+https://github.com/rust-lang/crates.io-index)",
 "pathdiff 0.1.0 (registry+https://github.com/rust-lang/crates.io-index)",
 "walkdir 2.2.9 (registry+https://github.com/rust-lang/crates.io-index)",
 "ware 0.1.0 (registry+https://github.com/rust-lang/crates.io-index)",
 "yaml-rust 0.4.3 (registry+https://github.com/rust-lang/crates.io-index)",
]

[[package]]
name = "sized-chunks"
version = "0.3.1"
source = "registry+https://github.com/rust-lang/crates.io-index"
dependencies = [
 "typenum 1.11.2 (registry+https://github.com/rust-lang/crates.io-index)",
]

[[package]]
name = "typenum"
version = "1.11.2"
source = "registry+https://github.com/rust-lang/crates.io-index"

[[package]]
name = "walkdir"
version = "2.2.9"
source = "registry+https://github.com/rust-lang/crates.io-index"
dependencies = [
 "same-file 1.0.5 (registry+https://github.com/rust-lang/crates.io-index)",
 "winapi 0.3.8 (registry+https://github.com/rust-lang/crates.io-index)",
 "winapi-util 0.1.2 (registry+https://github.com/rust-lang/crates.io-index)",
]

[[package]]
name = "ware"
version = "0.1.0"

[[package]]
name = "ware"
version = "0.1.0"
source = "registry+https://github.com/rust-lang/crates.io-index"

[[package]]
name = "winapi"
version = "0.3.8"
source = "registry+https://github.com/rust-lang/crates.io-index"
dependencies = [
 "winapi-i686-pc-windows-gnu 0.4.0 (registry+https://github.com/rust-lang/crates.io-index)",
 "winapi-x86_64-pc-windows-gnu 0.4.0 (registry+https://github.com/rust-lang/crates.io-index)",
]

[[package]]
name = "winapi-i686-pc-windows-gnu"
version = "0.4.0"
source = "registry+https://github.com/rust-lang/crates.io-index"

[[package]]
name = "winapi-util"
version = "0.1.2"
source = "registry+https://github.com/rust-lang/crates.io-index"
dependencies = [
 "winapi 0.3.8 (registry+https://github.com/rust-lang/crates.io-index)",
]

[[package]]
name = "winapi-x86_64-pc-windows-gnu"
version = "0.4.0"
source = "registry+https://github.com/rust-lang/crates.io-index"

[[package]]
name = "yaml-rust"
version = "0.4.3"
source = "registry+https://github.com/rust-lang/crates.io-index"
dependencies = [
 "linked-hash-map 0.5.2 (registry+https://github.com/rust-lang/crates.io-index)",
]

[metadata]
"checksum cfg-if 0.1.10 (registry+https://github.com/rust-lang/crates.io-index)" = "4785bdd1c96b2a846b2bd7cc02e86b6b3dbf14e7e53446c4f54c92a361040822"
"checksum im 13.0.0 (registry+https://github.com/rust-lang/crates.io-index)" = "8db49f8bc08d5cc4e2bb0f7d25a6d1db2c79bc6f7d7c86c96c657eb3d214125f"
"checksum linked-hash-map 0.5.2 (registry+https://github.com/rust-lang/crates.io-index)" = "ae91b68aebc4ddb91978b11a1b02ddd8602a05ec19002801c5666000e05e0f83"
"checksum log 0.4.8 (registry+https://github.com/rust-lang/crates.io-index)" = "14b6052be84e6b71ab17edffc2eeabf5c2c3ae1fdb464aae35ac50c67a44e1f7"
"checksum pathdiff 0.1.0 (registry+https://github.com/rust-lang/crates.io-index)" = "a3bf70094d203e07844da868b634207e71bfab254fe713171fae9a6e751ccf31"
"checksum rustc_version 0.2.3 (registry+https://github.com/rust-lang/crates.io-index)" = "138e3e0acb6c9fb258b19b67cb8abd63c00679d2851805ea151465464fe9030a"
"checksum same-file 1.0.5 (registry+https://github.com/rust-lang/crates.io-index)" = "585e8ddcedc187886a30fa705c47985c3fa88d06624095856b36ca0b82ff4421"
"checksum semver 0.9.0 (registry+https://github.com/rust-lang/crates.io-index)" = "1d7eb9ef2c18661902cc47e535f9bc51b78acd254da71d375c2f6720d9a40403"
"checksum semver-parser 0.7.0 (registry+https://github.com/rust-lang/crates.io-index)" = "388a1df253eca08550bef6c72392cfe7c30914bf41df5269b68cbd6ff8f570a3"
"checksum sized-chunks 0.3.1 (registry+https://github.com/rust-lang/crates.io-index)" = "f01db57d7ee89c8e053245deb77040a6cc8508311f381c88749c33d4b9b78785"
"checksum typenum 1.11.2 (registry+https://github.com/rust-lang/crates.io-index)" = "6d2783fe2d6b8c1101136184eb41be8b1ad379e4657050b8aaff0c79ee7575f9"
"checksum walkdir 2.2.9 (registry+https://github.com/rust-lang/crates.io-index)" = "9658c94fa8b940eab2250bd5a457f9c48b748420d71293b165c8cdbe2f55f71e"
"checksum ware 0.1.0 (registry+https://github.com/rust-lang/crates.io-index)" = "55b9c9f12bd457015eddc65fb44597e72b2091fc7e3ca250bb2a229969a9d589"
"checksum winapi 0.3.8 (registry+https://github.com/rust-lang/crates.io-index)" = "8093091eeb260906a183e6ae1abdba2ef5ef2257a21801128899c3fc699229c6"
"checksum winapi-i686-pc-windows-gnu 0.4.0 (registry+https://github.com/rust-lang/crates.io-index)" = "ac3b87c63620426dd9b991e5ce0329eff545bccbbb34f3be09ff6fb6ab51b7b6"
"checksum winapi-util 0.1.2 (registry+https://github.com/rust-lang/crates.io-index)" = "7168bab6e1daee33b4557efd0e95d5ca70a03706d39fa5f3fe7a236f584b03c9"
"checksum winapi-x86_64-pc-windows-gnu 0.4.0 (registry+https://github.com/rust-lang/crates.io-index)" = "712e227841d057c1ee1cd2fb22fa7e5a5461ae8e48fa2ca79ec42cfc1931183f"
"checksum yaml-rust 0.4.3 (registry+https://github.com/rust-lang/crates.io-index)" = "65923dd1784f44da1d2c3dbbc5e822045628c590ba72123e1c73d3c230c4434d"
